lockfileVersion: '6.0'

settings:
  autoInstallPeers: true
  excludeLinksFromLockfile: false

importers:

  .:
    devDependencies:
      '@types/node':
        specifier: ^20.0.0
        version: 20.0.0
      eslint:
        specifier: ^8.0.0
        version: 8.0.0
      prettier:
        specifier: ^3.0.0
        version: 3.0.0
      turbo:
        specifier: ^1.10.0
        version: 1.10.0
      typescript:
        specifier: ^5.0.2
        version: 5.0.2

packages: {}