lockfileVersion: '6.0'

settings:
  autoInstallPeers: true
  excludeLinksFromLockfile: false

importers:

  .:
    devDependencies:
      '@types/node':
        specifier: ^20.0.0
        version: 20.0.0
      '@typescript-eslint/eslint-plugin':
        specifier: ^6.0.0
        version: 6.0.0
      '@typescript-eslint/parser':
        specifier: ^6.0.0
        version: 6.0.0
      eslint:
        specifier: ^8.0.0
        version: 8.0.0
      eslint-config-prettier:
        specifier: ^9.0.0
        version: 9.0.0
      eslint-plugin-import:
        specifier: ^2.29.0
        version: 2.29.0
      eslint-plugin-react:
        specifier: ^7.33.0
        version: 7.33.0
      eslint-plugin-react-hooks:
        specifier: ^4.6.0
        version: 4.6.0
      prettier:
        specifier: ^3.0.0
        version: 3.0.0
      turbo:
        specifier: ^1.10.0
        version: 1.10.0
      typescript:
        specifier: ^5.0.0
        version: 5.0.0

  apps/admin:
    dependencies:
      '@bizbox/core-api':
        specifier: file:../../packages/core/api
        version: file:packages/core/api
      '@bizbox/core-auth':
        specifier: file:../../packages/core/auth
        version: file:packages/core/auth
      '@bizbox/shared-hooks':
        specifier: file:../../packages/shared/hooks
        version: file:packages/shared/hooks
      '@bizbox/shared-types':
        specifier: file:../../packages/shared/types
        version: file:packages/shared/types
      '@bizbox/shared-ui':
        specifier: file:../../packages/shared/ui
        version: file:packages/shared/ui
      '@bizbox/shared-utils':
        specifier: file:../../packages/shared/utils
        version: file:packages/shared/utils
      next:
        specifier: ^14.0.0
        version: 14.0.0
      react:
        specifier: ^18.0.0
        version: 18.0.0
      react-dom:
        specifier: ^18.0.0
        version: 18.0.0

  apps/builder:
    dependencies:
      '@bizbox/core-api':
        specifier: file:../../packages/core/api
        version: file:packages/core/api
      '@bizbox/core-auth':
        specifier: file:../../packages/core/auth
        version: file:packages/core/auth
      '@bizbox/plugin-media-manager':
        specifier: file:../../packages/plugins/media-manager
        version: file:packages/plugins/media-manager
      '@bizbox/plugin-website-builder':
        specifier: file:../../packages/plugins/website-builder
        version: file:packages/plugins/website-builder
      '@bizbox/shared-hooks':
        specifier: file:../../packages/shared/hooks
        version: file:packages/shared/hooks
      '@bizbox/shared-types':
        specifier: file:../../packages/shared/types
        version: file:packages/shared/types
      '@bizbox/shared-ui':
        specifier: file:../../packages/shared/ui
        version: file:packages/shared/ui
      '@bizbox/shared-utils':
        specifier: file:../../packages/shared/utils
        version: file:packages/shared/utils
      next:
        specifier: ^14.0.0
        version: 14.0.0
      react:
        specifier: ^18.0.0
        version: 18.0.0
      react-dom:
        specifier: ^18.0.0
        version: 18.0.0

  apps/customer:
    dependencies:
      '@bizbox/core-api':
        specifier: file:../../packages/core/api
        version: file:packages/core/api
      '@bizbox/plugin-booking':
        specifier: file:../../packages/plugins/booking
        version: file:packages/plugins/booking
      '@bizbox/plugin-ecommerce':
        specifier: file:../../packages/plugins/ecommerce
        version: file:packages/plugins/ecommerce
      '@bizbox/plugin-payments':
        specifier: file:../../packages/plugins/payments
        version: file:packages/plugins/payments
      '@bizbox/plugin-website-builder':
        specifier: file:../../packages/plugins/website-builder
        version: file:packages/plugins/website-builder
      '@bizbox/shared-hooks':
        specifier: file:../../packages/shared/hooks
        version: file:packages/shared/hooks
      '@bizbox/shared-types':
        specifier: file:../../packages/shared/types
        version: file:packages/shared/types
      '@bizbox/shared-ui':
        specifier: file:../../packages/shared/ui
        version: file:packages/shared/ui
      '@bizbox/shared-utils':
        specifier: file:../../packages/shared/utils
        version: file:packages/shared/utils
      next:
        specifier: ^14.0.0
        version: 14.0.0
      react:
        specifier: ^18.0.0
        version: 18.0.0
      react-dom:
        specifier: ^18.0.0
        version: 18.0.0

  apps/landing:
    dependencies:
      '@bizbox/core-api':
        specifier: file:../../packages/core/api
        version: file:packages/core/api
      '@bizbox/core-auth':
        specifier: file:../../packages/core/auth
        version: file:packages/core/auth
      '@bizbox/plugin-community':
        specifier: file:../../packages/plugins/community
        version: file:packages/plugins/community
      '@bizbox/shared-hooks':
        specifier: file:../../packages/shared/hooks
        version: file:packages/shared/hooks
      '@bizbox/shared-types':
        specifier: file:../../packages/shared/types
        version: file:packages/shared/types
      '@bizbox/shared-ui':
        specifier: file:../../packages/shared/ui
        version: file:packages/shared/ui
      '@bizbox/shared-utils':
        specifier: file:../../packages/shared/utils
        version: file:packages/shared/utils
      next:
        specifier: ^15.0.0
        version: 15.0.0
      react:
        specifier: ^18.0.0
        version: 18.0.0
      react-dom:
        specifier: ^18.0.0
        version: 18.0.0

  apps/super-admin:
    dependencies:
      '@bizbox/core-api':
        specifier: file:../../packages/core/api
        version: file:packages/core/api
      '@bizbox/core-auth':
        specifier: file:../../packages/core/auth
        version: file:packages/core/auth
      '@bizbox/shared-hooks':
        specifier: file:../../packages/shared/hooks
        version: file:packages/shared/hooks
      '@bizbox/shared-types':
        specifier: file:../../packages/shared/types
        version: file:packages/shared/types
      '@bizbox/shared-ui':
        specifier: file:../../packages/shared/ui
        version: file:packages/shared/ui
      '@bizbox/shared-utils':
        specifier: file:../../packages/shared/utils
        version: file:packages/shared/utils
      next:
        specifier: ^14.0.0
        version: 14.0.0
      react:
        specifier: ^18.0.0
        version: 18.0.0
      react-dom:
        specifier: ^18.0.0
        version: 18.0.0

  packages/core/api:
    dependencies:
      '@bizbox/shared-types':
        specifier: file:../../shared/types
        version: file:packages/shared/types

  packages/core/auth:
    dependencies:
      '@bizbox/shared-types':
        specifier: file:../../shared/types
        version: file:packages/shared/types

  packages/core/database:
    dependencies:
      '@bizbox/shared-types':
        specifier: file:../../shared/types
        version: file:packages/shared/types

  packages/core/framework:
    dependencies:
      '@bizbox/shared-types':
        specifier: file:../../shared/types
        version: file:packages/shared/types

  packages/plugins/booking:
    dependencies:
      '@bizbox/shared-types':
        specifier: file:../../shared/types
        version: file:packages/shared/types

  packages/plugins/community:
    dependencies:
      '@bizbox/shared-types':
        specifier: file:../../shared/types
        version: file:packages/shared/types

  packages/plugins/ecommerce:
    dependencies:
      '@bizbox/shared-types':
        specifier: file:../../shared/types
        version: file:packages/shared/types

  packages/plugins/media-manager:
    dependencies:
      '@bizbox/shared-types':
        specifier: file:../../shared/types
        version: file:packages/shared/types

  packages/plugins/payments:
    dependencies:
      '@bizbox/core':
        specifier: file:../../core
        version: file:packages/core

  packages/plugins/website-builder:
    dependencies:
      '@bizbox/shared-types':
        specifier: file:../../shared/types
        version: file:packages/shared/types

  packages/shared/hooks:
    dependencies:
      '@bizbox/shared-types':
        specifier: file:../types
        version: file:packages/shared/types

  packages/shared/types: {}

  packages/shared/ui:
    dependencies:
      '@bizbox/shared-types':
        specifier: file:../types
        version: file:packages/shared/types

  packages/shared/utils:
    dependencies:
      '@bizbox/shared-types':
        specifier: file:../types
        version: file:packages/shared/types

  packages/tools/eslint-config: {}

  packages/tools/plugin-sdk:
    dependencies:
      '@bizbox/shared-types':
        specifier: file:../../shared/types
        version: file:packages/shared/types

  packages/tools/typescript-config: {}

  apps/tenant:
    dependencies:
      '@bizbox/core-api':
        specifier: file:../../packages/core/api
        version: file:packages/core/api
      '@bizbox/core-auth':
        specifier: file:../../packages/core/auth
        version: file:packages/core/auth
      '@bizbox/plugin-booking':
        specifier: file:../../packages/plugins/booking
        version: file:packages/plugins/booking
      '@bizbox/plugin-ecommerce':
        specifier: file:../../packages/plugins/ecommerce
        version: file:packages/plugins/ecommerce
      '@bizbox/plugin-media-manager':
        specifier: file:../../packages/plugins/media-manager
        version: file:packages/plugins/media-manager
      '@bizbox/plugin-payments':
        specifier: file:../../packages/plugins/payments
        version: file:packages/plugins/payments
      '@bizbox/shared-hooks':
        specifier: file:../../packages/shared/hooks
        version: file:packages/shared/hooks
      '@bizbox/shared-types':
        specifier: file:../../packages/shared/types
        version: file:packages/shared/types
      '@bizbox/shared-ui':
        specifier: file:../../packages/shared/ui
        version: file:packages/shared/ui
      '@bizbox/shared-utils':
        specifier: file:../../packages/shared/utils
        version: file:packages/shared/utils
      next:
        specifier: ^14.0.0
        version: 14.0.0
      react:
        specifier: ^18.0.0
        version: 18.0.0
      react-dom:
        specifier: ^18.0.0
        version: 18.0.0

packages: {}